
Microsoft Visual Studio Solution File, Format Version 12.00
# Visual Studio 15
VisualStudioVersion = 15.0.26124.0
MinimumVisualStudioVersion = 15.0.26124.0
Project("{FAE04EC0-301F-11D3-BF4B-00C04F79EFBC}") = "Trine.Analyzer", "Trine.Analyzer\Trine.Analyzer.csproj", "{42A7E3C3-3C39-4F63-8E17-FF12AE3FF75C}"
EndProject
Project("{FAE04EC0-301F-11D3-BF4B-00C04F79EFBC}") = "Trine.Analyzer.Tests", "Trine.Analyzer.Tests\Trine.Analyzer.Tests.csproj", "{8E2C6B8B-2DE7-4A47-AEFB-6D86C0875073}"
EndProject
Project("{FAE04EC0-301F-11D3-BF4B-00C04F79EFBC}") = "Trine.Analyzer.SolutionFixer", "Trine.Analyzer.SolutionFixer\Trine.Analyzer.SolutionFixer.csproj", "{D3B104A8-986F-4FD7-B3F5-19E4B38B4D58}"
EndProject
Global
	GlobalSection(SolutionConfigurationPlatforms) = preSolution
		Debug|Any CPU = Debug|Any CPU
		Debug|x64 = Debug|x64
		Debug|x86 = Debug|x86
		Release|Any CPU = Release|Any CPU
		Release|x64 = Release|x64
		Release|x86 = Release|x86
	EndGlobalSection
	GlobalSection(SolutionProperties) = preSolution
		HideSolutionNode = FALSE
	EndGlobalSection
	GlobalSection(ProjectConfigurationPlatforms) = postSolution
		{42A7E3C3-3C39-4F63-8E17-FF12AE3FF75C}.Debug|Any CPU.ActiveCfg = Debug|Any CPU
		{42A7E3C3-3C39-4F63-8E17-FF12AE3FF75C}.Debug|Any CPU.Build.0 = Debug|Any CPU
		{42A7E3C3-3C39-4F63-8E17-FF12AE3FF75C}.Debug|x64.ActiveCfg = Debug|Any CPU
		{42A7E3C3-3C39-4F63-8E17-FF12AE3FF75C}.Debug|x64.Build.0 = Debug|Any CPU
		{42A7E3C3-3C39-4F63-8E17-FF12AE3FF75C}.Debug|x86.ActiveCfg = Debug|Any CPU
		{42A7E3C3-3C39-4F63-8E17-FF12AE3FF75C}.Debug|x86.Build.0 = Debug|Any CPU
		{42A7E3C3-3C39-4F63-8E17-FF12AE3FF75C}.Release|Any CPU.ActiveCfg = Release|Any CPU
		{42A7E3C3-3C39-4F63-8E17-FF12AE3FF75C}.Release|Any CPU.Build.0 = Release|Any CPU
		{42A7E3C3-3C39-4F63-8E17-FF12AE3FF75C}.Release|x64.ActiveCfg = Release|Any CPU
		{42A7E3C3-3C39-4F63-8E17-FF12AE3FF75C}.Release|x64.Build.0 = Release|Any CPU
		{42A7E3C3-3C39-4F63-8E17-FF12AE3FF75C}.Release|x86.ActiveCfg = Release|Any CPU
		{42A7E3C3-3C39-4F63-8E17-FF12AE3FF75C}.Release|x86.Build.0 = Release|Any CPU
		{8E2C6B8B-2DE7-4A47-AEFB-6D86C0875073}.Debug|Any CPU.ActiveCfg = Debug|Any CPU
		{8E2C6B8B-2DE7-4A47-AEFB-6D86C0875073}.Debug|Any CPU.Build.0 = Debug|Any CPU
		{8E2C6B8B-2DE7-4A47-AEFB-6D86C0875073}.Debug|x64.ActiveCfg = Debug|Any CPU
		{8E2C6B8B-2DE7-4A47-AEFB-6D86C0875073}.Debug|x64.Build.0 = Debug|Any CPU
		{8E2C6B8B-2DE7-4A47-AEFB-6D86C0875073}.Debug|x86.ActiveCfg = Debug|Any CPU
		{8E2C6B8B-2DE7-4A47-AEFB-6D86C0875073}.Debug|x86.Build.0 = Debug|Any CPU
		{8E2C6B8B-2DE7-4A47-AEFB-6D86C0875073}.Release|Any CPU.ActiveCfg = Release|Any CPU
		{8E2C6B8B-2DE7-4A47-AEFB-6D86C0875073}.Release|Any CPU.Build.0 = Release|Any CPU
		{8E2C6B8B-2DE7-4A47-AEFB-6D86C0875073}.Release|x64.ActiveCfg = Release|Any CPU
		{8E2C6B8B-2DE7-4A47-AEFB-6D86C0875073}.Release|x64.Build.0 = Release|Any CPU
		{8E2C6B8B-2DE7-4A47-AEFB-6D86C0875073}.Release|x86.ActiveCfg = Release|Any CPU
		{8E2C6B8B-2DE7-4A47-AEFB-6D86C0875073}.Release|x86.Build.0 = Release|Any CPU
		{D3B104A8-986F-4FD7-B3F5-19E4B38B4D58}.Debug|Any CPU.ActiveCfg = Debug|Any CPU
		{D3B104A8-986F-4FD7-B3F5-19E4B38B4D58}.Debug|Any CPU.Build.0 = Debug|Any CPU
		{D3B104A8-986F-4FD7-B3F5-19E4B38B4D58}.Debug|x64.ActiveCfg = Debug|Any CPU
		{D3B104A8-986F-4FD7-B3F5-19E4B38B4D58}.Debug|x64.Build.0 = Debug|Any CPU
		{D3B104A8-986F-4FD7-B3F5-19E4B38B4D58}.Debug|x86.ActiveCfg = Debug|Any CPU
		{D3B104A8-986F-4FD7-B3F5-19E4B38B4D58}.Debug|x86.Build.0 = Debug|Any CPU
		{D3B104A8-986F-4FD7-B3F5-19E4B38B4D58}.Release|Any CPU.ActiveCfg = Release|Any CPU
		{D3B104A8-986F-4FD7-B3F5-19E4B38B4D58}.Release|Any CPU.Build.0 = Release|Any CPU
		{D3B104A8-986F-4FD7-B3F5-19E4B38B4D58}.Release|x64.ActiveCfg = Release|Any CPU
		{D3B104A8-986F-4FD7-B3F5-19E4B38B4D58}.Release|x64.Build.0 = Release|Any CPU
		{D3B104A8-986F-4FD7-B3F5-19E4B38B4D58}.Release|x86.ActiveCfg = Release|Any CPU
		{D3B104A8-986F-4FD7-B3F5-19E4B38B4D58}.Release|x86.Build.0 = Release|Any CPU
	EndGlobalSection
EndGlobal
